{
  "name": "@underbase/utils",
  "version": "1.1.2-alpha.0",
  "lockfileVersion": 1,
  "requires": true,
  "dependencies": {
    "@types/node": {
      "version": "12.7.2",
      "resolved": "https://registry.npmjs.org/@types/node/-/node-12.7.2.tgz",
      "integrity": "sha512-dyYO+f6ihZEtNPDcWNR1fkoTDf3zAK3lAABDze3mz6POyIercH0lEUawUFXlG8xaQZmm1yEBON/4TsYv/laDYg==",
      "dev": true
    },
    "@underbase/types": {
      "version": "1.1.2-alpha.0",
      "requires": {
        "@underbase/query-interface": "^1.1.2-alpha.0",
        "mongodb": "^3.3.0-beta2"
      },
      "dependencies": {
        "@underbase/query-interface": {
          "version": "1.1.2-alpha.0",
          "bundled": true,
          "requires": {
            "mongodb": "3.3.0-beta2"
          },
          "dependencies": {
            "mongodb": {
              "version": "3.3.0-beta2",
              "bundled": true,
              "requires": {
                "bson": "^1.1.1",
                "require_optional": "^1.0.1",
                "safe-buffer": "^5.1.2"
              },
              "dependencies": {
                "bson": {
                  "version": "1.1.1",
                  "bundled": true
                },
                "require_optional": {
                  "version": "1.0.1",
                  "bundled": true,
                  "requires": {
                    "resolve-from": "^2.0.0",
                    "semver": "^5.1.0"
                  }
                },
                "resolve-from": {
                  "version": "2.0.0",
                  "bundled": true
                },
                "safe-buffer": {
                  "version": "5.2.0",
                  "bundled": true
                },
                "semver": {
                  "version": "5.7.1",
                  "bundled": true
                }
              }
            }
          }
        },
        "bson": {
          "version": "1.1.1",
          "bundled": true
        },
        "mongodb": {
          "version": "3.3.0",
          "bundled": true,
          "requires": {
            "bson": "^1.1.1",
            "require_optional": "^1.0.1",
            "safe-buffer": "^5.1.2"
          }
        },
        "require_optional": {
          "version": "1.0.1",
          "bundled": true,
          "requires": {
            "resolve-from": "^2.0.0",
            "semver": "^5.1.0"
          }
        },
        "resolve-from": {
          "version": "2.0.0",
          "bundled": true
        },
        "safe-buffer": {
          "version": "5.2.0",
          "bundled": true
        },
        "semver": {
          "version": "5.7.1",
          "bundled": true
        }
      }
    }
  }
}
